
Microsoft Visual Studio Solution File, Format Version 12.00
# Visual Studio 15
VisualStudioVersion = 15.0.35319.79
MinimumVisualStudioVersion = 10.0.40219.1
Project("{D2ABAB84-BF74-430A-B69E-9DC6D40DDA17}") = "1C OLAP", "1C OLAP\1C OLAP.dwproj", "{D431F3C5-7F7F-4EF7-B3E9-08AE81BAD089}"
EndProject
Global
	GlobalSection(SolutionConfigurationPlatforms) = preSolution
		Development|Default = Development|Default
	EndGlobalSection
	GlobalSection(ProjectConfigurationPlatforms) = postSolution
		{D431F3C5-7F7F-4EF7-B3E9-08AE81BAD089}.Development|Default.ActiveCfg = Development
		{D431F3C5-7F7F-4EF7-B3E9-08AE81BAD089}.Development|Default.Build.0 = Development
		{D431F3C5-7F7F-4EF7-B3E9-08AE81BAD089}.Development|Default.Deploy.0 = Development
	EndGlobalSection
	GlobalSection(SolutionProperties) = preSolution
		HideSolutionNode = FALSE
	EndGlobalSection
	GlobalSection(ExtensibilityGlobals) = postSolution
		SolutionGuid = {67AC15B8-1248-49A4-A6AC-D5D233A6C9A0}
	EndGlobalSection
EndGlobal
